
Microsoft Visual Studio Solution File, Format Version 12.00
# Visual Studio Version 17
VisualStudioVersion = 17.14.36518.9 d17.14
MinimumVisualStudioVersion = 10.0.40219.1
Project("{FAE04EC0-301F-11D3-BF4B-00C04F79EFBC}") = "ApiDemo", "ApiDemo.csproj", "{549CDD81-EAC5-4CF9-997D-C6E2A611B90F}"
EndProject
Global
	GlobalSection(SolutionConfigurationPlatforms) = preSolution
		Debug|Any CPU = Debug|Any CPU
		Release|Any CPU = Release|Any CPU
	EndGlobalSection
	GlobalSection(ProjectConfigurationPlatforms) = postSolution
		{549CDD81-EAC5-4CF9-997D-C6E2A611B90F}.Debug|Any CPU.ActiveCfg = Debug|Any CPU
		{549CDD81-EAC5-4CF9-997D-C6E2A611B90F}.Debug|Any CPU.Build.0 = Debug|Any CPU
		{549CDD81-EAC5-4CF9-997D-C6E2A611B90F}.Release|Any CPU.ActiveCfg = Release|Any CPU
		{549CDD81-EAC5-4CF9-997D-C6E2A611B90F}.Release|Any CPU.Build.0 = Release|Any CPU
	EndGlobalSection
	GlobalSection(SolutionProperties) = preSolution
		HideSolutionNode = FALSE
	EndGlobalSection
	GlobalSection(ExtensibilityGlobals) = postSolution
		SolutionGuid = {36A9116B-C004-4CB1-B728-62D3C4928A4B}
	EndGlobalSection
EndGlobal
